
Microsoft Visual Studio Solution File, Format Version 12.00
# Visual Studio 15
VisualStudioVersion = 15.0.28010.2050
MinimumVisualStudioVersion = 10.0.40219.1
Project("{FAE04EC0-301F-11D3-BF4B-00C04F79EFBC}") = "MaintainMe.WebMVC", "MaintainMe.WebMVC\MaintainMe.WebMVC.csproj", "{E68DD7FB-3B40-4AA6-8C9A-CBB20B8DFB20}"
EndProject
Project("{FAE04EC0-301F-11D3-BF4B-00C04F79EFBC}") = "MaintainMe.Data", "MaintainMe.Data\MaintainMe.Data.csproj", "{571753B0-2ACD-44D0-81D8-65AF06187969}"
EndProject
Project("{FAE04EC0-301F-11D3-BF4B-00C04F79EFBC}") = "MaintainMe.Models", "MaintainMe.Models\MaintainMe.Models.csproj", "{2F7030EB-C5B6-4642-B4AF-658AC2C2A21D}"
EndProject
Project("{FAE04EC0-301F-11D3-BF4B-00C04F79EFBC}") = "MaintainMe.Contracts", "MaintainMe.Contracts\MaintainMe.Contracts.csproj", "{7D43FAE7-B52F-46FD-85B3-048C1FB91805}"
EndProject
Project("{FAE04EC0-301F-11D3-BF4B-00C04F79EFBC}") = "MaintainMe.Services", "MaintainMe.Services\MaintainMe.Services.csproj", "{958FB918-CE2D-4C2E-B5C2-79370BE3323B}"
EndProject
Project("{FAE04EC0-301F-11D3-BF4B-00C04F79EFBC}") = "MaintainMe.Tests", "MaintainMe.Tests\MaintainMe.Tests.csproj", "{76F5B902-DE5E-4C02-995B-126DAB481C9F}"
EndProject
Project("{FAE04EC0-301F-11D3-BF4B-00C04F79EFBC}") = "WorkOrder.Utilities", "WorkOrder.Utilities\WorkOrder.Utilities.csproj", "{95C5FB96-D00E-45C0-801F-1696CC9B65CE}"
EndProject
Project("{FAE04EC0-301F-11D3-BF4B-00C04F79EFBC}") = "MaintainMe.WebAPI", "MaintainMe.WebAPI\MaintainMe.WebAPI.csproj", "{3B090DD9-18CB-4E80-B08D-1EE6D71A16BD}"
EndProject
Global
	GlobalSection(SolutionConfigurationPlatforms) = preSolution
		Debug|Any CPU = Debug|Any CPU
		Release|Any CPU = Release|Any CPU
	EndGlobalSection
	GlobalSection(ProjectConfigurationPlatforms) = postSolution
		{E68DD7FB-3B40-4AA6-8C9A-CBB20B8DFB20}.Debug|Any CPU.ActiveCfg = Debug|Any CPU
		{E68DD7FB-3B40-4AA6-8C9A-CBB20B8DFB20}.Debug|Any CPU.Build.0 = Debug|Any CPU
		{E68DD7FB-3B40-4AA6-8C9A-CBB20B8DFB20}.Release|Any CPU.ActiveCfg = Release|Any CPU
		{E68DD7FB-3B40-4AA6-8C9A-CBB20B8DFB20}.Release|Any CPU.Build.0 = Release|Any CPU
		{571753B0-2ACD-44D0-81D8-65AF06187969}.Debug|Any CPU.ActiveCfg = Debug|Any CPU
		{571753B0-2ACD-44D0-81D8-65AF06187969}.Debug|Any CPU.Build.0 = Debug|Any CPU
		{571753B0-2ACD-44D0-81D8-65AF06187969}.Release|Any CPU.ActiveCfg = Release|Any CPU
		{571753B0-2ACD-44D0-81D8-65AF06187969}.Release|Any CPU.Build.0 = Release|Any CPU
		{2F7030EB-C5B6-4642-B4AF-658AC2C2A21D}.Debug|Any CPU.ActiveCfg = Debug|Any CPU
		{2F7030EB-C5B6-4642-B4AF-658AC2C2A21D}.Debug|Any CPU.Build.0 = Debug|Any CPU
		{2F7030EB-C5B6-4642-B4AF-658AC2C2A21D}.Release|Any CPU.ActiveCfg = Release|Any CPU
		{2F7030EB-C5B6-4642-B4AF-658AC2C2A21D}.Release|Any CPU.Build.0 = Release|Any CPU
		{7D43FAE7-B52F-46FD-85B3-048C1FB91805}.Debug|Any CPU.ActiveCfg = Debug|Any CPU
		{7D43FAE7-B52F-46FD-85B3-048C1FB91805}.Debug|Any CPU.Build.0 = Debug|Any CPU
		{7D43FAE7-B52F-46FD-85B3-048C1FB91805}.Release|Any CPU.ActiveCfg = Release|Any CPU
		{7D43FAE7-B52F-46FD-85B3-048C1FB91805}.Release|Any CPU.Build.0 = Release|Any CPU
		{958FB918-CE2D-4C2E-B5C2-79370BE3323B}.Debug|Any CPU.ActiveCfg = Debug|Any CPU
		{958FB918-CE2D-4C2E-B5C2-79370BE3323B}.Debug|Any CPU.Build.0 = Debug|Any CPU
		{958FB918-CE2D-4C2E-B5C2-79370BE3323B}.Release|Any CPU.ActiveCfg = Release|Any CPU
		{958FB918-CE2D-4C2E-B5C2-79370BE3323B}.Release|Any CPU.Build.0 = Release|Any CPU
		{76F5B902-DE5E-4C02-995B-126DAB481C9F}.Debug|Any CPU.ActiveCfg = Debug|Any CPU
		{76F5B902-DE5E-4C02-995B-126DAB481C9F}.Debug|Any CPU.Build.0 = Debug|Any CPU
		{76F5B902-DE5E-4C02-995B-126DAB481C9F}.Release|Any CPU.ActiveCfg = Release|Any CPU
		{76F5B902-DE5E-4C02-995B-126DAB481C9F}.Release|Any CPU.Build.0 = Release|Any CPU
		{95C5FB96-D00E-45C0-801F-1696CC9B65CE}.Debug|Any CPU.ActiveCfg = Debug|Any CPU
		{95C5FB96-D00E-45C0-801F-1696CC9B65CE}.Debug|Any CPU.Build.0 = Debug|Any CPU
		{95C5FB96-D00E-45C0-801F-1696CC9B65CE}.Release|Any CPU.ActiveCfg = Release|Any CPU
		{95C5FB96-D00E-45C0-801F-1696CC9B65CE}.Release|Any CPU.Build.0 = Release|Any CPU
		{3B090DD9-18CB-4E80-B08D-1EE6D71A16BD}.Debug|Any CPU.ActiveCfg = Debug|Any CPU
		{3B090DD9-18CB-4E80-B08D-1EE6D71A16BD}.Debug|Any CPU.Build.0 = Debug|Any CPU
		{3B090DD9-18CB-4E80-B08D-1EE6D71A16BD}.Release|Any CPU.ActiveCfg = Release|Any CPU
		{3B090DD9-18CB-4E80-B08D-1EE6D71A16BD}.Release|Any CPU.Build.0 = Release|Any CPU
	EndGlobalSection
	GlobalSection(SolutionProperties) = preSolution
		HideSolutionNode = FALSE
	EndGlobalSection
	GlobalSection(ExtensibilityGlobals) = postSolution
		SolutionGuid = {95293B1E-197D-4259-83C1-39DFBD8F7F3A}
	EndGlobalSection
EndGlobal
